{
  "name": "@akari-video/render-cut",
  "version": "0.0.0",
  "lockfileVersion": 3,
  "requires": true,
  "packages": {
    "": {
      "name": "@akari-video/render-cut",
      "version": "0.0.0",
      "bin": {
        "akari-apply-textstyle": "bin/akari-apply-textstyle.mjs",
        "render-cut": "bin/render-cut.mjs"
      }
    }
  }
}
